
Microsoft Visual Studio Solution File, Format Version 10.00
# Visual Studio 2008
Project("{FAE04EC0-301F-11D3-BF4B-00C04F79EFBC}") = "NathanPalmer.com", "NathanPalmer.com\NathanPalmer.com.csproj", "{953F104B-714F-49DF-AC58-60D7E69EF4A8}"
EndProject
Project("{FAE04EC0-301F-11D3-BF4B-00C04F79EFBC}") = "NathanPalmer.com.Core", "NathanPalmer.com.Core\NathanPalmer.com.Core.csproj", "{371389D7-E508-438F-8923-E907558BE381}"
EndProject
Project("{FAE04EC0-301F-11D3-BF4B-00C04F79EFBC}") = "NathanPalmer.com.Infrastructure", "NathanPalmer.com.Infrastructure\NathanPalmer.com.Infrastructure.csproj", "{5871A63B-C16B-4B55-A217-941FBDCBD82D}"
EndProject
Project("{2150E333-8FDC-42A3-9474-1A3956D46DE8}") = "Build", "Build", "{AA3EAA06-BFC6-4823-AFE1-CEEAA809E292}"
	ProjectSection(SolutionItems) = preProject
		..\DatabaseUpdate.include = ..\DatabaseUpdate.include
		..\Default.build = ..\Default.build
		..\FtpPublish.include = ..\FtpPublish.include
		..\local.properties.xml = ..\local.properties.xml
		..\MSBuild.include = ..\MSBuild.include
	EndProjectSection
EndProject
Global
	GlobalSection(SolutionConfigurationPlatforms) = preSolution
		Debug|Any CPU = Debug|Any CPU
		Release|Any CPU = Release|Any CPU
	EndGlobalSection
	GlobalSection(ProjectConfigurationPlatforms) = postSolution
		{953F104B-714F-49DF-AC58-60D7E69EF4A8}.Debug|Any CPU.ActiveCfg = Debug|Any CPU
		{953F104B-714F-49DF-AC58-60D7E69EF4A8}.Debug|Any CPU.Build.0 = Debug|Any CPU
		{953F104B-714F-49DF-AC58-60D7E69EF4A8}.Release|Any CPU.ActiveCfg = Release|Any CPU
		{953F104B-714F-49DF-AC58-60D7E69EF4A8}.Release|Any CPU.Build.0 = Release|Any CPU
		{371389D7-E508-438F-8923-E907558BE381}.Debug|Any CPU.ActiveCfg = Debug|Any CPU
		{371389D7-E508-438F-8923-E907558BE381}.Debug|Any CPU.Build.0 = Debug|Any CPU
		{371389D7-E508-438F-8923-E907558BE381}.Release|Any CPU.ActiveCfg = Release|Any CPU
		{371389D7-E508-438F-8923-E907558BE381}.Release|Any CPU.Build.0 = Release|Any CPU
		{5871A63B-C16B-4B55-A217-941FBDCBD82D}.Debug|Any CPU.ActiveCfg = Debug|Any CPU
		{5871A63B-C16B-4B55-A217-941FBDCBD82D}.Debug|Any CPU.Build.0 = Debug|Any CPU
		{5871A63B-C16B-4B55-A217-941FBDCBD82D}.Release|Any CPU.ActiveCfg = Release|Any CPU
		{5871A63B-C16B-4B55-A217-941FBDCBD82D}.Release|Any CPU.Build.0 = Release|Any CPU
	EndGlobalSection
	GlobalSection(SolutionProperties) = preSolution
		HideSolutionNode = FALSE
	EndGlobalSection
EndGlobal
